github.com/Shopify/toxiproxy/v2 v2.12.0 h1:d1x++lYZg/zijXPPcv7PH0MvHMzEI5aX/YuUi/Sw+yg=
github.com/Shopify/toxiproxy/v2 v2.12.0/go.mod h1:R9Z38Pw6k2cGZWXHe7tbxjGW9azmY1KbDQJ1kd+h7Tk=
github.com/gorilla/websocket v1.5.3 h1:saDtZ6Pbx/0u+bgYQ3q96pZgCzfhKXGPqt7kZ72aNNg=
github.com/gorilla/websocket v1.5.3/go.mod h1:YR8l580nyteQvAITg2hZ9XVh4b55+EU/adAjf1fMHhE=
